
Microsoft Visual Studio Solution File, Format Version 12.00
Project("{FAE04EC0-301F-11D3-BF4B-00C04F79EFBC}") = "BulkyBookWeb", "BulkyBookWeb\BulkyBookWeb.csproj", "{01A74DE5-5560-44BE-AB09-86781BE1697D}"
EndProject
Global
	GlobalSection(SolutionConfigurationPlatforms) = preSolution
		Debug|Any CPU = Debug|Any CPU
		Release|Any CPU = Release|Any CPU
	EndGlobalSection
	GlobalSection(ProjectConfigurationPlatforms) = postSolution
		{01A74DE5-5560-44BE-AB09-86781BE1697D}.Debug|Any CPU.ActiveCfg = Debug|Any CPU
		{01A74DE5-5560-44BE-AB09-86781BE1697D}.Debug|Any CPU.Build.0 = Debug|Any CPU
		{01A74DE5-5560-44BE-AB09-86781BE1697D}.Release|Any CPU.ActiveCfg = Release|Any CPU
		{01A74DE5-5560-44BE-AB09-86781BE1697D}.Release|Any CPU.Build.0 = Release|Any CPU
	EndGlobalSection
EndGlobal
